{
  "version": 4,
  "terraform_version": "1.13.5",
  "serial": 4,
  "lineage": "8306870c-5d2f-3c66-6d3c-2dacc0b799da",
  "outputs": {},
  "resources": [
    {
      "module": "module.thread_queue",
      "mode": "managed",
      "type": "aws_sqs_queue",
      "name": "sqs",
      "provider": "provider[\"registry.terraform.io/hashicorp/aws\"]",
      "instances": [
        {
          "schema_version": 0,
          "attributes": {
            "arn": "arn:aws:sqs:eu-west-1:183631345770:awesome_co-thread-queue",
            "content_based_deduplication": false,
            "deduplication_scope": "",
            "delay_seconds": 0,
            "fifo_queue": false,
            "fifo_throughput_limit": "",
            "id": "https://sqs.eu-west-1.amazonaws.com/183631345770/awesome_co-thread-queue",
            "kms_data_key_reuse_period_seconds": 300,
            "kms_master_key_id": "",
            "max_message_size": 262144,
            "message_retention_seconds": 345600,
            "name": "awesome_co-thread-queue",
            "name_prefix": "",
            "policy": "",
            "receive_wait_time_seconds": 20,
            "redrive_allow_policy": "",
            "redrive_policy": "{\"deadLetterTargetArn\":\"arn:aws:sqs:eu-west-1:183631345770:awesome_co-thread-queue-dead-letter\",\"maxReceiveCount\":5}",
            "region": "eu-west-1",
            "sqs_managed_sse_enabled": true,
            "tags": {},
            "tags_all": {},
            "timeouts": null,
            "url": "https://sqs.eu-west-1.amazonaws.com/183631345770/awesome_co-thread-queue",
            "visibility_timeout_seconds": 30
          },
          "sensitive_attributes": [],
          "identity_schema_version": 1,
          "identity": {
            "url": "https://sqs.eu-west-1.amazonaws.com/183631345770/awesome_co-thread-queue"
          },
          "private": "eyJlMmJmYjczMC1lY2FhLTExZTYtOGY4OC0zNDM2M2JjN2M0YzAiOnsiY3JlYXRlIjoxODAwMDAwMDAwMDAsImRlbGV0ZSI6MTgwMDAwMDAwMDAwLCJ1cGRhdGUiOjE4MDAwMDAwMDAwMH19",
          "dependencies": [
            "module.thread_queue.aws_sqs_queue.sqs_dead_letter"
          ]
        }
      ]
    },
    {
      "module": "module.thread_queue",
      "mode": "managed",
      "type": "aws_sqs_queue",
      "name": "sqs_dead_letter",
      "provider": "provider[\"registry.terraform.io/hashicorp/aws\"]",
      "instances": [
        {
          "schema_version": 0,
          "attributes": {
            "arn": "arn:aws:sqs:eu-west-1:183631345770:awesome_co-thread-queue-dead-letter",
            "content_based_deduplication": false,
            "deduplication_scope": "",
            "delay_seconds": 0,
            "fifo_queue": false,
            "fifo_throughput_limit": "",
            "id": "https://sqs.eu-west-1.amazonaws.com/183631345770/awesome_co-thread-queue-dead-letter",
            "kms_data_key_reuse_period_seconds": 300,
            "kms_master_key_id": "",
            "max_message_size": 262144,
            "message_retention_seconds": 1209600,
            "name": "awesome_co-thread-queue-dead-letter",
            "name_prefix": "",
            "policy": "",
            "receive_wait_time_seconds": 20,
            "redrive_allow_policy": "",
            "redrive_policy": "",
            "region": "eu-west-1",
            "sqs_managed_sse_enabled": true,
            "tags": {},
            "tags_all": {},
            "timeouts": null,
            "url": "https://sqs.eu-west-1.amazonaws.com/183631345770/awesome_co-thread-queue-dead-letter",
            "visibility_timeout_seconds": 30
          },
          "sensitive_attributes": [],
          "identity_schema_version": 1,
          "identity": {
            "url": "https://sqs.eu-west-1.amazonaws.com/183631345770/awesome_co-thread-queue-dead-letter"
          },
          "private": "eyJlMmJmYjczMC1lY2FhLTExZTYtOGY4OC0zNDM2M2JjN2M0YzAiOnsiY3JlYXRlIjoxODAwMDAwMDAwMDAsImRlbGV0ZSI6MTgwMDAwMDAwMDAwLCJ1cGRhdGUiOjE4MDAwMDAwMDAwMH19"
        }
      ]
    }
  ],
  "check_results": null
}
