{
  "version": 4,
  "terraform_version": "1.13.5",
  "serial": 3,
  "lineage": "aceec2e6-0163-322b-d261-7bbe82960ca0",
  "outputs": {},
  "resources": [
    {
      "mode": "managed",
      "type": "aws_vpc",
      "name": "ireland_vpc",
      "provider": "provider[\"registry.terraform.io/hashicorp/aws\"]",
      "instances": [
        {
          "schema_version": 1,
          "attributes": {
            "arn": "arn:aws:ec2:eu-west-1:183631345770:vpc/vpc-08be0dc33535ae452",
            "assign_generated_ipv6_cidr_block": false,
            "cidr_block": "10.0.0.0/16",
            "default_network_acl_id": "acl-0ce1b4cc05f397e4f",
            "default_route_table_id": "rtb-0de43ed603e36a5ba",
            "default_security_group_id": "sg-0864020ab53ec8dac",
            "dhcp_options_id": "dopt-04b2be3ab16da1b60",
            "enable_dns_hostnames": false,
            "enable_dns_support": true,
            "enable_network_address_usage_metrics": false,
            "id": "vpc-08be0dc33535ae452",
            "instance_tenancy": "default",
            "ipv4_ipam_pool_id": null,
            "ipv4_netmask_length": null,
            "ipv6_association_id": "",
            "ipv6_cidr_block": "",
            "ipv6_cidr_block_network_border_group": "",
            "ipv6_ipam_pool_id": "",
            "ipv6_netmask_length": 0,
            "main_route_table_id": "rtb-0de43ed603e36a5ba",
            "owner_id": "183631345770",
            "region": "eu-west-1",
            "tags": null,
            "tags_all": {}
          },
          "sensitive_attributes": [],
          "identity_schema_version": 0,
          "identity": {
            "account_id": "183631345770",
            "id": "vpc-08be0dc33535ae452",
            "region": "eu-west-1"
          },
          "private": "eyJzY2hlbWFfdmVyc2lvbiI6IjEifQ=="
        }
      ]
    },
    {
      "mode": "managed",
      "type": "aws_vpc",
      "name": "london_vpc",
      "provider": "provider[\"registry.terraform.io/hashicorp/aws\"].london",
      "instances": [
        {
          "schema_version": 1,
          "attributes": {
            "arn": "arn:aws:ec2:eu-west-2:183631345770:vpc/vpc-0321358f134450a72",
            "assign_generated_ipv6_cidr_block": false,
            "cidr_block": "10.1.0.0/16",
            "default_network_acl_id": "acl-08a27eb69846260ae",
            "default_route_table_id": "rtb-00f68cc35d3dd83b0",
            "default_security_group_id": "sg-0281512db6b14d6e0",
            "dhcp_options_id": "dopt-060247388ca5cbbef",
            "enable_dns_hostnames": false,
            "enable_dns_support": true,
            "enable_network_address_usage_metrics": false,
            "id": "vpc-0321358f134450a72",
            "instance_tenancy": "default",
            "ipv4_ipam_pool_id": null,
            "ipv4_netmask_length": null,
            "ipv6_association_id": "",
            "ipv6_cidr_block": "",
            "ipv6_cidr_block_network_border_group": "",
            "ipv6_ipam_pool_id": "",
            "ipv6_netmask_length": 0,
            "main_route_table_id": "rtb-00f68cc35d3dd83b0",
            "owner_id": "183631345770",
            "region": "eu-west-2",
            "tags": null,
            "tags_all": {}
          },
          "sensitive_attributes": [],
          "identity_schema_version": 0,
          "identity": {
            "account_id": "183631345770",
            "id": "vpc-0321358f134450a72",
            "region": "eu-west-2"
          },
          "private": "eyJzY2hlbWFfdmVyc2lvbiI6IjEifQ=="
        }
      ]
    }
  ],
  "check_results": null
}
