{
  "version": 4,
  "terraform_version": "1.13.5",
  "serial": 1,
  "lineage": "7ad3a01b-7f25-7594-5547-1821e01b53d5",
  "outputs": {},
  "resources": [
    {
      "mode": "managed",
      "type": "aws_iam_policy",
      "name": "my_bucket_policy",
      "provider": "provider[\"registry.terraform.io/hashicorp/aws\"]",
      "instances": [
        {
          "schema_version": 0,
          "attributes": {
            "arn": "arn:aws:iam::183631345770:policy/list-buckets-policy",
            "attachment_count": 0,
            "description": "",
            "id": "arn:aws:iam::183631345770:policy/list-buckets-policy",
            "name": "list-buckets-policy",
            "name_prefix": "",
            "path": "/",
            "policy": "{\"Statement\":[{\"Action\":[\"s3:ListBucket\"],\"Effect\":\"Allow\",\"Resource\":\"*\"}],\"Version\":\"2012-10-17\"}",
            "policy_id": "ANPASVQKH7BVHCU4EZ74O",
            "tags": null,
            "tags_all": {}
          },
          "sensitive_attributes": [],
          "identity_schema_version": 0,
          "identity": {
            "arn": "arn:aws:iam::183631345770:policy/list-buckets-policy"
          },
          "private": "bnVsbA=="
        }
      ]
    }
  ],
  "check_results": null
}
