{
  "version": 4,
  "terraform_version": "1.13.5",
  "serial": 1,
  "lineage": "38c661d3-3df5-28ac-62bf-b5991ada670f",
  "outputs": {},
  "resources": [
    {
      "mode": "data",
      "type": "aws_s3_bucket",
      "name": "bucket",
      "provider": "provider[\"registry.terraform.io/hashicorp/aws\"]",
      "instances": [
        {
          "schema_version": 0,
          "attributes": {
            "arn": "arn:aws:s3:::chuka-trial-bucket",
            "bucket": "chuka-trial-bucket",
            "bucket_domain_name": "chuka-trial-bucket.s3.amazonaws.com",
            "bucket_region": "eu-west-1",
            "bucket_regional_domain_name": "chuka-trial-bucket.s3.eu-west-1.amazonaws.com",
            "hosted_zone_id": "Z1BKCTXD74EZPE",
            "id": "chuka-trial-bucket",
            "region": "eu-west-1",
            "website_domain": null,
            "website_endpoint": null
          },
          "sensitive_attributes": [],
          "identity_schema_version": 0
        }
      ]
    },
    {
      "mode": "managed",
      "type": "aws_iam_policy",
      "name": "chuka_bucket_policy",
      "provider": "provider[\"registry.terraform.io/hashicorp/aws\"]",
      "instances": [
        {
          "schema_version": 0,
          "attributes": {
            "arn": "arn:aws:iam::183631345770:policy/chuka-bucket-policy",
            "attachment_count": 0,
            "description": "",
            "id": "arn:aws:iam::183631345770:policy/chuka-bucket-policy",
            "name": "chuka-bucket-policy",
            "name_prefix": "",
            "path": "/",
            "policy": "{\"Statement\":[{\"Action\":[\"s3:ListBucket\"],\"Effect\":\"Allow\",\"Resource\":[\"arn:aws:s3:::chuka-trial-bucket\"]}],\"Version\":\"2012-10-17\"}",
            "policy_id": "ANPASVQKH7BVHDOTM5XNY",
            "tags": null,
            "tags_all": {}
          },
          "sensitive_attributes": [],
          "identity_schema_version": 0,
          "identity": {
            "arn": "arn:aws:iam::183631345770:policy/chuka-bucket-policy"
          },
          "private": "bnVsbA==",
          "dependencies": [
            "data.aws_s3_bucket.bucket"
          ]
        }
      ]
    }
  ],
  "check_results": null
}
